
Microsoft Visual Studio Solution File, Format Version 12.00
# Visual Studio Version 17
VisualStudioVersion = 17.13.35931.197
MinimumVisualStudioVersion = 10.0.40219.1
Project("{FAE04EC0-301F-11D3-BF4B-00C04F79EFBC}") = "RAG_Code_Base", "RAG_Code_Base.csproj", "{A08703DB-3876-419E-93EA-94A1B8C2C55F}"
EndProject
Global
	GlobalSection(SolutionConfigurationPlatforms) = preSolution
		Debug|Any CPU = Debug|Any CPU
		Release|Any CPU = Release|Any CPU
	EndGlobalSection
	GlobalSection(ProjectConfigurationPlatforms) = postSolution
		{A08703DB-3876-419E-93EA-94A1B8C2C55F}.Debug|Any CPU.ActiveCfg = Debug|Any CPU
		{A08703DB-3876-419E-93EA-94A1B8C2C55F}.Debug|Any CPU.Build.0 = Debug|Any CPU
		{A08703DB-3876-419E-93EA-94A1B8C2C55F}.Release|Any CPU.ActiveCfg = Release|Any CPU
		{A08703DB-3876-419E-93EA-94A1B8C2C55F}.Release|Any CPU.Build.0 = Release|Any CPU
	EndGlobalSection
	GlobalSection(SolutionProperties) = preSolution
		HideSolutionNode = FALSE
	EndGlobalSection
	GlobalSection(ExtensibilityGlobals) = postSolution
		SolutionGuid = {AC85A6D1-2688-41A4-8800-61BBEFB23318}
	EndGlobalSection
EndGlobal
